PODS:
  - ScrollableTableHeader (0.1.2)

DEPENDENCIES:
  - ScrollableTableHeader (from `../`)

EXTERNAL SOURCES:
  ScrollableTableHeader:
    :path: ../

SPEC CHECKSUMS:
  ScrollableTableHeader: b49ed25a4624bd6ee8a215fba26e3a11f6e3053e

PODFILE CHECKSUM: 1db397f7e9c3f32f525efaecfd75090c36f1a64a

COCOAPODS: 1.1.1
